
Microsoft Visual Studio Solution File, Format Version 12.00
# Visual Studio Version 17
VisualStudioVersion = 17.8.34330.188
MinimumVisualStudioVersion = 10.0.40219.1
Project("{FAE04EC0-301F-11D3-BF4B-00C04F79EFBC}") = "CodeRDiversityExercicios", "CodeRDiversityExercicios\CodeRDiversityExercicios.csproj", "{605E695D-57A2-4EB6-86F4-F5DB14425DBD}"
EndProject
Global
	GlobalSection(SolutionConfigurationPlatforms) = preSolution
		Debug|Any CPU = Debug|Any CPU
		Release|Any CPU = Release|Any CPU
	EndGlobalSection
	GlobalSection(ProjectConfigurationPlatforms) = postSolution
		{605E695D-57A2-4EB6-86F4-F5DB14425DBD}.Debug|Any CPU.ActiveCfg = Debug|Any CPU
		{605E695D-57A2-4EB6-86F4-F5DB14425DBD}.Debug|Any CPU.Build.0 = Debug|Any CPU
		{605E695D-57A2-4EB6-86F4-F5DB14425DBD}.Release|Any CPU.ActiveCfg = Release|Any CPU
		{605E695D-57A2-4EB6-86F4-F5DB14425DBD}.Release|Any CPU.Build.0 = Release|Any CPU
	EndGlobalSection
	GlobalSection(SolutionProperties) = preSolution
		HideSolutionNode = FALSE
	EndGlobalSection
	GlobalSection(ExtensibilityGlobals) = postSolution
		SolutionGuid = {A27F76E9-27EC-45A8-B92B-6B354F4F0784}
	EndGlobalSection
EndGlobal
